
Microsoft Visual Studio Solution File, Format Version 12.00
# Visual Studio Version 17
VisualStudioVersion = 17.4.33213.308
MinimumVisualStudioVersion = 10.0.40219.1
Project("{FAE04EC0-301F-11D3-BF4B-00C04F79EFBC}") = "tabliczkaMnozenia", "tabliczkaMnozenia\tabliczkaMnozenia.csproj", "{C2B43E35-B41C-40F3-B860-FE5CFB5615CE}"
EndProject
Global
	GlobalSection(SolutionConfigurationPlatforms) = preSolution
		Debug|Any CPU = Debug|Any CPU
		Release|Any CPU = Release|Any CPU
	EndGlobalSection
	GlobalSection(ProjectConfigurationPlatforms) = postSolution
		{C2B43E35-B41C-40F3-B860-FE5CFB5615CE}.Debug|Any CPU.ActiveCfg = Debug|Any CPU
		{C2B43E35-B41C-40F3-B860-FE5CFB5615CE}.Debug|Any CPU.Build.0 = Debug|Any CPU
		{C2B43E35-B41C-40F3-B860-FE5CFB5615CE}.Release|Any CPU.ActiveCfg = Release|Any CPU
		{C2B43E35-B41C-40F3-B860-FE5CFB5615CE}.Release|Any CPU.Build.0 = Release|Any CPU
	EndGlobalSection
	GlobalSection(SolutionProperties) = preSolution
		HideSolutionNode = FALSE
	EndGlobalSection
	GlobalSection(ExtensibilityGlobals) = postSolution
		SolutionGuid = {18010ED7-DE13-4E2C-820F-67D1E2B6AFAB}
	EndGlobalSection
EndGlobal
